<?xml version="1.0" encoding="utf-8"?>
<Project ToolsVersion="4.0" xmlns="http://schemas.microsoft.com/developer/msbuild/2003">
  <ItemGroup>
    <None Include="exports.def" />
  </ItemGroup>
  <ItemGroup>
    <Filter Include="source">
      <UniqueIdentifier>{1fb5ea0a-5507-4dc9-a21a-94dc291d83c7}</UniqueIdentifier>
    </Filter>
    <Filter Include="header">
      <UniqueIdentifier>{46acd14f-87d1-4433-b359-22ac9d76bd40}</UniqueIdentifier>
    </Filter>
  </ItemGroup>
  <ItemGroup>
    <ClCompile Include="main.cpp">
      <Filter>source</Filter>
    </ClCompile>
    <ClCompile Include="fileio.cpp">
      <Filter>source</Filter>
    </ClCompile>
    <ClCompile Include="navmesh.cpp">
      <Filter>source</Filter>
    </ClCompile>
  </ItemGroup>
  <ItemGroup>
    <ClInclude Include="ffximove.h">
      <Filter>header</Filter>
    </ClInclude>
    <ClInclude Include="navmesh.h">
      <Filter>source</Filter>
    </ClInclude>
  </ItemGroup>
</Project>